schema: '2.0'
stages:
  complete-hungarian:
    cmd: dz run-step hungarian complete
    deps:
    - path: src/hungarian/parsing.py
      md5: ddbf22d421ba77646e8a13677ac988fb
      size: 11454
    outs:
    - path: data/elections/hungarian/complete
      md5: c6c886bd6fc65ca7e19620011681b892.dir
      size: 41579973
      nfiles: 9
